// !$*UTF8*$!
{
	archiveVersion = 1;
	classes = {
	};
	objectVersion = 54;
	objects = {

/* Begin PBXBuildFile section */
		5D1AF92B25B2D8D200E19167 /* main.cpp in Sources */ = {isa = PBXBuildFile; fileRef = 5D1AF92625B2D8D200E19167 /* main.cpp */; };
		5D1AF92D25B2D8D200E19167 /* start.cpp in Sources */ = {isa = PBXBuildFile; fileRef = 5D1AF92825B2D8D200E19167 /* start.cpp */; };
		5D1AF92E25B2D8D200E19167 /* battle.cpp in Sources */ = {isa = PBXBuildFile; fileRef = 5D1AF92925B2D8D200E19167 /* battle.cpp */; };
		5D1AF92F25B2D8D200E19167 /* fighter.cpp in Sources */ = {isa = PBXBuildFile; fileRef = 5D1AF92A25B2D8D200E19167 /* fighter.cpp */; };
/* End PBXBuildFile section */

/* Begin PBXCopyFilesBuildPhase section */
		5D0763D325B2D6530050192D /* CopyFiles */ = {
			isa = PBXCopyFilesBuildPhase;
			buildActionMask = 2147483647;
			dstPath = /usr/share/man/man1/;
			dstSubfolderSpec = 0;
			files = (
			);
			runOnlyForDeploymentPostprocessing = 1;
		};
/* End PBXCopyFilesBuildPhase section */

/* Begin PBXFileReference section */
		5D0763D525B2D6530050192D /* BattleSim */ = {isa = PBXFileReference; explicitFileType = "compiled.mach-o.executable"; includeInIndex = 0; path = BattleSim; sourceTree = BUILT_PRODUCTS_DIR; };
		5D1AF92325B2D8B100E19167 /* battle.hpp */ = {isa = PBXFileReference; lastKnownFileType = sourcecode.cpp.h; path = battle.hpp; sourceTree = "<group>"; };
		5D1AF92425B2D8B100E19167 /* start.hpp */ = {isa = PBXFileReference; lastKnownFileType = sourcecode.cpp.h; path = start.hpp; sourceTree = "<group>"; };
		5D1AF92525B2D8B100E19167 /* fighter.hpp */ = {isa = PBXFileReference; lastKnownFileType = sourcecode.cpp.h; path = fighter.hpp; sourceTree = "<group>"; };
		5D1AF92625B2D8D200E19167 /* main.cpp */ = {isa = PBXFileReference; fileEncoding = 4; lastKnownFileType = sourcecode.cpp.cpp; path = main.cpp; sourceTree = "<group>"; };
		5D1AF92825B2D8D200E19167 /* start.cpp */ = {isa = PBXFileReference; fileEncoding = 4; lastKnownFileType = sourcecode.cpp.cpp; path = start.cpp; sourceTree = "<group>"; };
		5D1AF92925B2D8D200E19167 /* battle.cpp */ = {isa = PBXFileReference; fileEncoding = 4; lastKnownFileType = sourcecode.cpp.cpp; path = battle.cpp; sourceTree = "<group>"; };
		5D1AF92A25B2D8D200E19167 /* fighter.cpp */ = {isa = PBXFileReference; fileEncoding = 4; lastKnownFileType = sourcecode.cpp.cpp; path = fighter.cpp; sourceTree = "<group>"; };
/* End PBXFileReference section */

/* Begin PBXFrameworksBuildPhase section */
		5D0763D225B2D6530050192D /* Frameworks */ = {
			isa = PBXFrameworksBuildPhase;
			buildActionMask = 2147483647;
			files = (
			);
			runOnlyForDeploymentPostprocessing = 0;
		};
/* End PBXFrameworksBuildPhase section */

/* Begin PBXGroup section */
		5D0763CC25B2D6530050192D = {
			isa = PBXGroup;
			children = (
				5D0763D725B2D6530050192D /* BattleSim */,
				5D0763D625B2D6530050192D /* Products */,
			);
			sourceTree = "<group>";
		};
		5D0763D625B2D6530050192D /* Products */ = {
			isa = PBXGroup;
			children = (
				5D0763D525B2D6530050192D /* BattleSim */,
			);
			name = Products;
			sourceTree = "<group>";
		};
		5D0763D725B2D6530050192D /* BattleSim */ = {
			isa = PBXGroup;
			children = (
				5D1AF94625B2DF7F00E19167 /* Accounts */,
				5D1AF92325B2D8B100E19167 /* battle.hpp */,
				5D1AF92525B2D8B100E19167 /* fighter.hpp */,
				5D1AF92425B2D8B100E19167 /* start.hpp */,
				5D1AF92925B2D8D200E19167 /* battle.cpp */,
				5D1AF92A25B2D8D200E19167 /* fighter.cpp */,
				5D1AF92625B2D8D200E19167 /* main.cpp */,
				5D1AF92825B2D8D200E19167 /* start.cpp */,
			);
			path = BattleSim;
			sourceTree = "<group>";
		};
		5D1AF94625B2DF7F00E19167 /* Accounts */ = {
			isa = PBXGroup;
			children = (
			);
			path = Accounts;
			sourceTree = "<group>";
		};
/* End PBXGroup section */

/* Begin PBXNativeTarget section */
		5D0763D425B2D6530050192D /* BattleSim */ = {
			isa = PBXNativeTarget;
			buildConfigurationList = 5D0763DC25B2D6530050192D /* Build configuration list for PBXNativeTarget "BattleSim" */;
			buildPhases = (
				5D0763D125B2D6530050192D /* Sources */,
				5D0763D225B2D6530050192D /* Frameworks */,
				5D0763D325B2D6530050192D /* CopyFiles */,
			);
			buildRules = (
			);
			dependencies = (
			);
			name = BattleSim;
			productName = BattleSim;
			productReference = 5D0763D525B2D6530050192D /* BattleSim */;
			productType = "com.apple.product-type.tool";
		};
/* End PBXNativeTarget section */

/* Begin PBXProject section */
		5D0763CD25B2D6530050192D /* Project object */ = {
			isa = PBXProject;
			attributes = {
				LastUpgradeCheck = 1230;
				TargetAttributes = {
					5D0763D425B2D6530050192D = {
						CreatedOnToolsVersion = 12.3;
					};
				};
			};
			buildConfigurationList = 5D0763D025B2D6530050192D /* Build configuration list for PBXProject "BattleSim" */;
			compatibilityVersion = "Xcode 12.0";
			developmentRegion = en;
			hasScannedForEncodings = 0;
			knownRegions = (
				en,
				Base,
			);
			mainGroup = 5D0763CC25B2D6530050192D;
			productRefGroup = 5D0763D625B2D6530050192D /* Products */;
			projectDirPath = "";
			projectRoot = "";
			targets = (
				5D0763D425B2D6530050192D /* BattleSim */,
			);
		};
/* End PBXProject section */

/* Begin PBXSourcesBuildPhase section */
		5D0763D125B2D6530050192D /* Sources */ = {
			isa = PBXSourcesBuildPhase;
			buildActionMask = 2147483647;
			files = (
				5D1AF92D25B2D8D200E19167 /* start.cpp in Sources */,
				5D1AF92B25B2D8D200E19167 /* main.cpp in Sources */,
				5D1AF92F25B2D8D200E19167 /* fighter.cpp in Sources */,
				5D1AF92E25B2D8D200E19167 /* battle.cpp in Sources */,
			);
			runOnlyForDeploymentPostprocessing = 0;
		};
/* End PBXSourcesBuildPhase section */

/* Begin XCBuildConfiguration section */
		5D0763DA25B2D6530050192D /* Debug */ = {
			isa = XCBuildConfiguration;
			buildSettings = {
				ALWAYS_SEARCH_USER_PATHS = NO;
				CLANG_ANALYZER_NONNULL = YES;
				CLANG_ANALYZER_NUMBER_OBJECT_CONVERSION = YES_AGGRESSIVE;
				CLANG_CXX_LANGUAGE_STANDARD = "c++17";
				CLANG_CXX_LIBRARY = "libc++";
				CLANG_ENABLE_MODULES = YES;
				CLANG_ENABLE_OBJC_ARC = YES;
				CLANG_ENABLE_OBJC_WEAK = YES;
				CLANG_WARN_BLOCK_CAPTURE_AUTORELEASING = YES;
				CLANG_WARN_BOOL_CONVERSION = YES;
				CLANG_WARN_COMMA = YES;
				CLANG_WARN_CONSTANT_CONVERSION = YES;
				CLANG_WARN_CXX0X_EXTENSIONS = YES;
				CLANG_WARN_DEPRECATED_OBJC_IMPLEMENTATIONS = YES;
				CLANG_WARN_DIRECT_OBJC_ISA_USAGE = YES_ERROR;
				CLANG_WARN_DOCUMENTATION_COMMENTS = YES;
				CLANG_WARN_EMPTY_BODY = YES;
				CLANG_WARN_ENUM_CONVERSION = YES;
				CLANG_WARN_INFINITE_RECURSION = YES;
				CLANG_WARN_INT_CONVERSION = YES;
				CLANG_WARN_NON_LITERAL_NULL_CONVERSION = YES;
				CLANG_WARN_OBJC_IMPLICIT_RETAIN_SELF = YES;
				CLANG_WARN_OBJC_LITERAL_CONVERSION = YES;
				CLANG_WARN_OBJC_ROOT_CLASS = YES_ERROR;
				CLANG_WARN_QUOTED_INCLUDE_IN_FRAMEWORK_HEADER = YES;
				CLANG_WARN_RANGE_LOOP_ANALYSIS = NO;
				CLANG_WARN_STRICT_PROTOTYPES = YES;
				CLANG_WARN_SUSPICIOUS_MOVE = YES;
				CLANG_WARN_UNGUARDED_AVAILABILITY = YES_AGGRESSIVE;
				CLANG_WARN_UNREACHABLE_CODE = YES;
				CLANG_WARN__DUPLICATE_METHOD_MATCH = YES;
				COPY_PHASE_STRIP = NO;
				DEBUG_INFORMATION_FORMAT = dwarf;
				ENABLE_STRICT_OBJC_MSGSEND = YES;
				ENABLE_TESTABILITY = YES;
				GCC_C_LANGUAGE_STANDARD = gnu11;
				GCC_DYNAMIC_NO_PIC = NO;
				GCC_NO_COMMON_BLOCKS = YES;
				GCC_OPTIMIZATION_LEVEL = 0;
				GCC_PREPROCESSOR_DEFINITIONS = (
					"DEBUG=1",
					"$(inherited)",
				);
				GCC_WARN_64_TO_32_BIT_CONVERSION = YES;
				GCC_WARN_ABOUT_RETURN_TYPE = YES_ERROR;
				GCC_WARN_UNDECLARED_SELECTOR = YES;
				GCC_WARN_UNINITIALIZED_AUTOS = YES_AGGRESSIVE;
				GCC_WARN_UNUSED_FUNCTION = YES;
				GCC_WARN_UNUSED_VARIABLE = YES;
				MACOSX_DEPLOYMENT_TARGET = 11.1;
				MTL_ENABLE_DEBUG_INFO = INCLUDE_SOURCE;
				MTL_FAST_MATH = YES;
				ONLY_ACTIVE_ARCH = YES;
				SDKROOT = macosx;
			};
			name = Debug;
		};
		5D0763DB25B2D6530050192D /* Release */ = {
			isa = XCBuildConfiguration;
			buildSettings = {
				ALWAYS_SEARCH_USER_PATHS = NO;
				CLANG_ANALYZER_NONNULL = YES;
				CLANG_ANALYZER_NUMBER_OBJECT_CONVERSION = YES_AGGRESSIVE;
				CLANG_CXX_LANGUAGE_STANDARD = "c++17";
				CLANG_CXX_LIBRARY = "libc++";
				CLANG_ENABLE_MODULES = YES;
				CLANG_ENABLE_OBJC_ARC = YES;
				CLANG_ENABLE_OBJC_WEAK = YES;
				CLANG_WARN_BLOCK_CAPTURE_AUTORELEASING = YES;
				CLANG_WARN_BOOL_CONVERSION = YES;
				CLANG_WARN_COMMA = YES;
				CLANG_WARN_CONSTANT_CONVERSION = YES;
				CLANG_WARN_CXX0X_EXTENSIONS = YES;
				CLANG_WARN_DEPRECATED_OBJC_IMPLEMENTATIONS = YES;
				CLANG_WARN_DIRECT_OBJC_ISA_USAGE = YES_ERROR;
				CLANG_WARN_DOCUMENTATION_COMMENTS = YES;
				CLANG_WARN_EMPTY_BODY = YES;
				CLANG_WARN_ENUM_CONVERSION = YES;
				CLANG_WARN_INFINITE_RECURSION = YES;
				CLANG_WARN_INT_CONVERSION = YES;
				CLANG_WARN_NON_LITERAL_NULL_CONVERSION = YES;
				CLANG_WARN_OBJC_IMPLICIT_RETAIN_SELF = YES;
				CLANG_WARN_OBJC_LITERAL_CONVERSION = YES;
				CLANG_WARN_OBJC_ROOT_CLASS = YES_ERROR;
				CLANG_WARN_QUOTED_INCLUDE_IN_FRAMEWORK_HEADER = YES;
				CLANG_WARN_RANGE_LOOP_ANALYSIS = NO;
				CLANG_WARN_STRICT_PROTOTYPES = YES;
				CLANG_WARN_SUSPICIOUS_MOVE = YES;
				CLANG_WARN_UNGUARDED_AVAILABILITY = YES_AGGRESSIVE;
				CLANG_WARN_UNREACHABLE_CODE = YES;
				CLANG_WARN__DUPLICATE_METHOD_MATCH = YES;
				COPY_PHASE_STRIP = NO;
				DEBUG_INFORMATION_FORMAT = "dwarf-with-dsym";
				ENABLE_NS_ASSERTIONS = NO;
				ENABLE_STRICT_OBJC_MSGSEND = YES;
				GCC_C_LANGUAGE_STANDARD = gnu11;
				GCC_NO_COMMON_BLOCKS = YES;
				GCC_WARN_64_TO_32_BIT_CONVERSION = YES;
				GCC_WARN_ABOUT_RETURN_TYPE = YES_ERROR;
				GCC_WARN_UNDECLARED_SELECTOR = YES;
				GCC_WARN_UNINITIALIZED_AUTOS = YES_AGGRESSIVE;
				GCC_WARN_UNUSED_FUNCTION = YES;
				GCC_WARN_UNUSED_VARIABLE = YES;
				MACOSX_DEPLOYMENT_TARGET = 11.1;
				MTL_ENABLE_DEBUG_INFO = NO;
				MTL_FAST_MATH = YES;
				SDKROOT = macosx;
			};
			name = Release;
		};
		5D0763DD25B2D6530050192D /* Debug */ = {
			isa = XCBuildConfiguration;
			buildSettings = {
				CLANG_CXX_LANGUAGE_STANDARD = "c++17";
				CODE_SIGN_STYLE = Automatic;
				DEVELOPMENT_TEAM = GS7MGB943M;
				ENABLE_HARDENED_RUNTIME = YES;
				PRODUCT_NAME = "$(TARGET_NAME)";
			};
			name = Debug;
		};
		5D0763DE25B2D6530050192D /* Release */ = {
			isa = XCBuildConfiguration;
			buildSettings = {
				CLANG_CXX_LANGUAGE_STANDARD = "c++17";
				CODE_SIGN_STYLE = Automatic;
				DEVELOPMENT_TEAM = GS7MGB943M;
				ENABLE_HARDENED_RUNTIME = YES;
				PRODUCT_NAME = "$(TARGET_NAME)";
			};
			name = Release;
		};
/* End XCBuildConfiguration section */

/* Begin XCConfigurationList section */
		5D0763D025B2D6530050192D /* Build configuration list for PBXProject "BattleSim" */ = {
			isa = XCConfigurationList;
			buildConfigurations = (
				5D0763DA25B2D6530050192D /* Debug */,
				5D0763DB25B2D6530050192D /* Release */,
			);
			defaultConfigurationIsVisible = 0;
			defaultConfigurationName = Debug;
		};
		5D0763DC25B2D6530050192D /* Build configuration list for PBXNativeTarget "BattleSim" */ = {
			isa = XCConfigurationList;
			buildConfigurations = (
				5D0763DD25B2D6530050192D /* Debug */,
				5D0763DE25B2D6530050192D /* Release */,
			);
			defaultConfigurationIsVisible = 0;
			defaultConfigurationName = Debug;
		};
/* End XCConfigurationList section */
	};
	rootObject = 5D0763CD25B2D6530050192D /* Project object */;
}
