// !$*UTF8*$!
{
	archiveVersion = 1;
	classes = {
	};
	objectVersion = 54;
	objects = {

/* Begin PBXCopyFilesBuildPhase section */
		5DA9E92E25C408B1004AB7D5 /* CopyFiles */ = {
			isa = PBXCopyFilesBuildPhase;
			buildActionMask = 2147483647;
			dstPath = /usr/share/man/man1/;
			dstSubfolderSpec = 0;
			files = (
			);
			runOnlyForDeploymentPostprocessing = 1;
		};
/* End PBXCopyFilesBuildPhase section */

/* Begin PBXFileReference section */
		5DA9E93025C408B1004AB7D5 /* BattleSim */ = {isa = PBXFileReference; explicitFileType = "compiled.mach-o.executable"; includeInIndex = 0; path = BattleSim; sourceTree = BUILT_PRODUCTS_DIR; };
		5DA9E94D25C409EB004AB7D5 /* bspch.hpp */ = {isa = PBXFileReference; lastKnownFileType = sourcecode.cpp.h; path = bspch.hpp; sourceTree = "<group>"; };
		5DA9E94E25C409EB004AB7D5 /* start.hpp */ = {isa = PBXFileReference; lastKnownFileType = sourcecode.cpp.h; path = start.hpp; sourceTree = "<group>"; };
		5DA9E94F25C409EB004AB7D5 /* battle.hpp */ = {isa = PBXFileReference; lastKnownFileType = sourcecode.cpp.h; path = battle.hpp; sourceTree = "<group>"; };
		5DA9E95025C409EC004AB7D5 /* bspch.hpp.gch */ = {isa = PBXFileReference; lastKnownFileType = file; path = bspch.hpp.gch; sourceTree = "<group>"; };
		5DA9E95125C409EC004AB7D5 /* fighter.hpp */ = {isa = PBXFileReference; lastKnownFileType = sourcecode.cpp.h; path = fighter.hpp; sourceTree = "<group>"; };
		5DA9E95225C409FA004AB7D5 /* start.cpp */ = {isa = PBXFileReference; lastKnownFileType = sourcecode.cpp.cpp; path = start.cpp; sourceTree = "<group>"; };
		5DA9E95325C409FA004AB7D5 /* main.cpp */ = {isa = PBXFileReference; lastKnownFileType = sourcecode.cpp.cpp; path = main.cpp; sourceTree = "<group>"; };
		5DA9E95425C409FA004AB7D5 /* battle.cpp */ = {isa = PBXFileReference; lastKnownFileType = sourcecode.cpp.cpp; lineEnding = 0; path = battle.cpp; sourceTree = "<group>"; };
		5DA9E95525C409FA004AB7D5 /* fighter.cpp */ = {isa = PBXFileReference; lastKnownFileType = sourcecode.cpp.cpp; path = fighter.cpp; sourceTree = "<group>"; };
/* End PBXFileReference section */

/* Begin PBXFrameworksBuildPhase section */
		5DA9E92D25C408B1004AB7D5 /* Frameworks */ = {
			isa = PBXFrameworksBuildPhase;
			buildActionMask = 2147483647;
			files = (
			);
			runOnlyForDeploymentPostprocessing = 0;
		};
/* End PBXFrameworksBuildPhase section */

/* Begin PBXGroup section */
		5DA9E92725C408B1004AB7D5 = {
			isa = PBXGroup;
			children = (
				5DA9E93225C408B1004AB7D5 /* BattleSim */,
				5DA9E93125C408B1004AB7D5 /* Products */,
			);
			sourceTree = "<group>";
			usesTabs = 1;
		};
		5DA9E93125C408B1004AB7D5 /* Products */ = {
			isa = PBXGroup;
			children = (
				5DA9E93025C408B1004AB7D5 /* BattleSim */,
			);
			name = Products;
			sourceTree = "<group>";
		};
		5DA9E93225C408B1004AB7D5 /* BattleSim */ = {
			isa = PBXGroup;
			children = (
				5DA9E94C25C409DF004AB7D5 /* src */,
				5DA9E94B25C409D0004AB7D5 /* include */,
			);
			path = BattleSim;
			sourceTree = "<group>";
		};
		5DA9E94B25C409D0004AB7D5 /* include */ = {
			isa = PBXGroup;
			children = (
				5DA9E94F25C409EB004AB7D5 /* battle.hpp */,
				5DA9E94D25C409EB004AB7D5 /* bspch.hpp */,
				5DA9E95025C409EC004AB7D5 /* bspch.hpp.gch */,
				5DA9E95125C409EC004AB7D5 /* fighter.hpp */,
				5DA9E94E25C409EB004AB7D5 /* start.hpp */,
			);
			path = include;
			sourceTree = "<group>";
		};
		5DA9E94C25C409DF004AB7D5 /* src */ = {
			isa = PBXGroup;
			children = (
				5DA9E95425C409FA004AB7D5 /* battle.cpp */,
				5DA9E95525C409FA004AB7D5 /* fighter.cpp */,
				5DA9E95325C409FA004AB7D5 /* main.cpp */,
				5DA9E95225C409FA004AB7D5 /* start.cpp */,
			);
			path = src;
			sourceTree = "<group>";
		};
/* End PBXGroup section */

/* Begin PBXNativeTarget section */
		5DA9E92F25C408B1004AB7D5 /* BattleSim */ = {
			isa = PBXNativeTarget;
			buildConfigurationList = 5DA9E93725C408B1004AB7D5 /* Build configuration list for PBXNativeTarget "BattleSim" */;
			buildPhases = (
				5DA9E92C25C408B1004AB7D5 /* Sources */,
				5DA9E92D25C408B1004AB7D5 /* Frameworks */,
				5DA9E92E25C408B1004AB7D5 /* CopyFiles */,
			);
			buildRules = (
			);
			dependencies = (
			);
			name = BattleSim;
			productName = BattleSim;
			productReference = 5DA9E93025C408B1004AB7D5 /* BattleSim */;
			productType = "com.apple.product-type.tool";
		};
/* End PBXNativeTarget section */

/* Begin PBXProject section */
		5DA9E92825C408B1004AB7D5 /* Project object */ = {
			isa = PBXProject;
			attributes = {
				LastUpgradeCheck = 1240;
				TargetAttributes = {
					5DA9E92F25C408B1004AB7D5 = {
						CreatedOnToolsVersion = 12.4;
					};
				};
			};
			buildConfigurationList = 5DA9E92B25C408B1004AB7D5 /* Build configuration list for PBXProject "BattleSim" */;
			compatibilityVersion = "Xcode 12.0";
			developmentRegion = en;
			hasScannedForEncodings = 0;
			knownRegions = (
				en,
				Base,
			);
			mainGroup = 5DA9E92725C408B1004AB7D5;
			productRefGroup = 5DA9E93125C408B1004AB7D5 /* Products */;
			projectDirPath = "";
			projectRoot = "";
			targets = (
				5DA9E92F25C408B1004AB7D5 /* BattleSim */,
			);
		};
/* End PBXProject section */

/* Begin PBXSourcesBuildPhase section */
		5DA9E92C25C408B1004AB7D5 /* Sources */ = {
			isa = PBXSourcesBuildPhase;
			buildActionMask = 2147483647;
			files = (
			);
			runOnlyForDeploymentPostprocessing = 0;
		};
/* End PBXSourcesBuildPhase section */

/* Begin XCBuildConfiguration section */
		5DA9E93525C408B1004AB7D5 /* Debug */ = {
			isa = XCBuildConfiguration;
			buildSettings = {
				ALWAYS_SEARCH_USER_PATHS = NO;
				CLANG_ANALYZER_NONNULL = YES;
				CLANG_ANALYZER_NUMBER_OBJECT_CONVERSION = YES_AGGRESSIVE;
				CLANG_CXX_LANGUAGE_STANDARD = "c++17";
				CLANG_CXX_LIBRARY = "libstdc++";
				CLANG_ENABLE_MODULES = YES;
				CLANG_ENABLE_OBJC_ARC = YES;
				CLANG_ENABLE_OBJC_WEAK = YES;
				CLANG_WARN_BLOCK_CAPTURE_AUTORELEASING = YES;
				CLANG_WARN_BOOL_CONVERSION = YES;
				CLANG_WARN_COMMA = YES;
				CLANG_WARN_CONSTANT_CONVERSION = YES;
				CLANG_WARN_DEPRECATED_OBJC_IMPLEMENTATIONS = YES;
				CLANG_WARN_DIRECT_OBJC_ISA_USAGE = YES_ERROR;
				CLANG_WARN_DOCUMENTATION_COMMENTS = YES;
				CLANG_WARN_EMPTY_BODY = YES;
				CLANG_WARN_ENUM_CONVERSION = YES;
				CLANG_WARN_INFINITE_RECURSION = YES;
				CLANG_WARN_INT_CONVERSION = YES;
				CLANG_WARN_NON_LITERAL_NULL_CONVERSION = YES;
				CLANG_WARN_OBJC_IMPLICIT_RETAIN_SELF = YES;
				CLANG_WARN_OBJC_LITERAL_CONVERSION = YES;
				CLANG_WARN_OBJC_ROOT_CLASS = YES_ERROR;
				CLANG_WARN_QUOTED_INCLUDE_IN_FRAMEWORK_HEADER = YES;
				CLANG_WARN_RANGE_LOOP_ANALYSIS = YES;
				CLANG_WARN_STRICT_PROTOTYPES = YES;
				CLANG_WARN_SUSPICIOUS_MOVE = YES;
				CLANG_WARN_UNGUARDED_AVAILABILITY = YES_AGGRESSIVE;
				CLANG_WARN_UNREACHABLE_CODE = YES;
				CLANG_WARN__DUPLICATE_METHOD_MATCH = YES;
				COPY_PHASE_STRIP = NO;
				DEBUG_INFORMATION_FORMAT = dwarf;
				ENABLE_STRICT_OBJC_MSGSEND = YES;
				ENABLE_TESTABILITY = YES;
				GCC_C_LANGUAGE_STANDARD = c11;
				GCC_DYNAMIC_NO_PIC = NO;
				GCC_NO_COMMON_BLOCKS = YES;
				GCC_OPTIMIZATION_LEVEL = 0;
				GCC_PREPROCESSOR_DEFINITIONS = (
					"DEBUG=1",
					"$(inherited)",
				);
				GCC_WARN_64_TO_32_BIT_CONVERSION = YES;
				GCC_WARN_ABOUT_RETURN_TYPE = YES_ERROR;
				GCC_WARN_UNDECLARED_SELECTOR = YES;
				GCC_WARN_UNINITIALIZED_AUTOS = YES_AGGRESSIVE;
				GCC_WARN_UNUSED_FUNCTION = YES;
				GCC_WARN_UNUSED_VARIABLE = YES;
				MACOSX_DEPLOYMENT_TARGET = 11.1;
				MTL_ENABLE_DEBUG_INFO = INCLUDE_SOURCE;
				MTL_FAST_MATH = YES;
				ONLY_ACTIVE_ARCH = YES;
				SDKROOT = macosx;
			};
			name = Debug;
		};
		5DA9E93625C408B1004AB7D5 /* Release */ = {
			isa = XCBuildConfiguration;
			buildSettings = {
				ALWAYS_SEARCH_USER_PATHS = NO;
				CLANG_ANALYZER_NONNULL = YES;
				CLANG_ANALYZER_NUMBER_OBJECT_CONVERSION = YES_AGGRESSIVE;
				CLANG_CXX_LANGUAGE_STANDARD = "c++17";
				CLANG_CXX_LIBRARY = "libstdc++";
				CLANG_ENABLE_MODULES = YES;
				CLANG_ENABLE_OBJC_ARC = YES;
				CLANG_ENABLE_OBJC_WEAK = YES;
				CLANG_WARN_BLOCK_CAPTURE_AUTORELEASING = YES;
				CLANG_WARN_BOOL_CONVERSION = YES;
				CLANG_WARN_COMMA = YES;
				CLANG_WARN_CONSTANT_CONVERSION = YES;
				CLANG_WARN_DEPRECATED_OBJC_IMPLEMENTATIONS = YES;
				CLANG_WARN_DIRECT_OBJC_ISA_USAGE = YES_ERROR;
				CLANG_WARN_DOCUMENTATION_COMMENTS = YES;
				CLANG_WARN_EMPTY_BODY = YES;
				CLANG_WARN_ENUM_CONVERSION = YES;
				CLANG_WARN_INFINITE_RECURSION = YES;
				CLANG_WARN_INT_CONVERSION = YES;
				CLANG_WARN_NON_LITERAL_NULL_CONVERSION = YES;
				CLANG_WARN_OBJC_IMPLICIT_RETAIN_SELF = YES;
				CLANG_WARN_OBJC_LITERAL_CONVERSION = YES;
				CLANG_WARN_OBJC_ROOT_CLASS = YES_ERROR;
				CLANG_WARN_QUOTED_INCLUDE_IN_FRAMEWORK_HEADER = YES;
				CLANG_WARN_RANGE_LOOP_ANALYSIS = YES;
				CLANG_WARN_STRICT_PROTOTYPES = YES;
				CLANG_WARN_SUSPICIOUS_MOVE = YES;
				CLANG_WARN_UNGUARDED_AVAILABILITY = YES_AGGRESSIVE;
				CLANG_WARN_UNREACHABLE_CODE = YES;
				CLANG_WARN__DUPLICATE_METHOD_MATCH = YES;
				COPY_PHASE_STRIP = NO;
				DEBUG_INFORMATION_FORMAT = "dwarf-with-dsym";
				ENABLE_NS_ASSERTIONS = NO;
				ENABLE_STRICT_OBJC_MSGSEND = YES;
				GCC_C_LANGUAGE_STANDARD = c11;
				GCC_NO_COMMON_BLOCKS = YES;
				GCC_WARN_64_TO_32_BIT_CONVERSION = YES;
				GCC_WARN_ABOUT_RETURN_TYPE = YES_ERROR;
				GCC_WARN_UNDECLARED_SELECTOR = YES;
				GCC_WARN_UNINITIALIZED_AUTOS = YES_AGGRESSIVE;
				GCC_WARN_UNUSED_FUNCTION = YES;
				GCC_WARN_UNUSED_VARIABLE = YES;
				MACOSX_DEPLOYMENT_TARGET = 11.1;
				MTL_ENABLE_DEBUG_INFO = NO;
				MTL_FAST_MATH = YES;
				SDKROOT = macosx;
			};
			name = Release;
		};
		5DA9E93825C408B1004AB7D5 /* Debug */ = {
			isa = XCBuildConfiguration;
			buildSettings = {
				CODE_SIGN_STYLE = Automatic;
				DEVELOPMENT_TEAM = GS7MGB943M;
				ENABLE_HARDENED_RUNTIME = YES;
				GCC_PRECOMPILE_PREFIX_HEADER = YES;
				GCC_PREFIX_HEADER = bspch.hpp;
				MACOSX_DEPLOYMENT_TARGET = 11.1;
				PRODUCT_NAME = "$(TARGET_NAME)";
			};
			name = Debug;
		};
		5DA9E93925C408B1004AB7D5 /* Release */ = {
			isa = XCBuildConfiguration;
			buildSettings = {
				CODE_SIGN_STYLE = Automatic;
				DEVELOPMENT_TEAM = GS7MGB943M;
				ENABLE_HARDENED_RUNTIME = YES;
				GCC_PRECOMPILE_PREFIX_HEADER = YES;
				GCC_PREFIX_HEADER = bspch.hpp;
				MACOSX_DEPLOYMENT_TARGET = 11.1;
				PRODUCT_NAME = "$(TARGET_NAME)";
			};
			name = Release;
		};
/* End XCBuildConfiguration section */

/* Begin XCConfigurationList section */
		5DA9E92B25C408B1004AB7D5 /* Build configuration list for PBXProject "BattleSim" */ = {
			isa = XCConfigurationList;
			buildConfigurations = (
				5DA9E93525C408B1004AB7D5 /* Debug */,
				5DA9E93625C408B1004AB7D5 /* Release */,
			);
			defaultConfigurationIsVisible = 0;
			defaultConfigurationName = Release;
		};
		5DA9E93725C408B1004AB7D5 /* Build configuration list for PBXNativeTarget "BattleSim" */ = {
			isa = XCConfigurationList;
			buildConfigurations = (
				5DA9E93825C408B1004AB7D5 /* Debug */,
				5DA9E93925C408B1004AB7D5 /* Release */,
			);
			defaultConfigurationIsVisible = 0;
			defaultConfigurationName = Release;
		};
/* End XCConfigurationList section */
	};
	rootObject = 5DA9E92825C408B1004AB7D5 /* Project object */;
}
